
Microsoft Visual Studio Solution File, Format Version 12.00
# Visual Studio Version 17
VisualStudioVersion = 17.9.34714.143
MinimumVisualStudioVersion = 10.0.40219.1
Project("{9A19103F-16F7-4668-BE54-9A1E7A4F7556}") = "MedicalCenter", "MedicalCenter\MedicalCenter.csproj", "{F8C1AAC7-2206-4578-A046-9B98846E510B}"
EndProject
Project("{FAE04EC0-301F-11D3-BF4B-00C04F79EFBC}") = "Tests", "Tests\Tests.csproj", "{DFD4E063-9B93-4CEB-8F0B-8225371AC7B3}"
EndProject
Global
	GlobalSection(SolutionConfigurationPlatforms) = preSolution
		Debug|Any CPU = Debug|Any CPU
		Release|Any CPU = Release|Any CPU
	EndGlobalSection
	GlobalSection(ProjectConfigurationPlatforms) = postSolution
		{F8C1AAC7-2206-4578-A046-9B98846E510B}.Debug|Any CPU.ActiveCfg = Debug|Any CPU
		{F8C1AAC7-2206-4578-A046-9B98846E510B}.Debug|Any CPU.Build.0 = Debug|Any CPU
		{F8C1AAC7-2206-4578-A046-9B98846E510B}.Release|Any CPU.ActiveCfg = Release|Any CPU
		{F8C1AAC7-2206-4578-A046-9B98846E510B}.Release|Any CPU.Build.0 = Release|Any CPU
		{DFD4E063-9B93-4CEB-8F0B-8225371AC7B3}.Debug|Any CPU.ActiveCfg = Debug|Any CPU
		{DFD4E063-9B93-4CEB-8F0B-8225371AC7B3}.Debug|Any CPU.Build.0 = Debug|Any CPU
		{DFD4E063-9B93-4CEB-8F0B-8225371AC7B3}.Release|Any CPU.ActiveCfg = Release|Any CPU
		{DFD4E063-9B93-4CEB-8F0B-8225371AC7B3}.Release|Any CPU.Build.0 = Release|Any CPU
	EndGlobalSection
	GlobalSection(SolutionProperties) = preSolution
		HideSolutionNode = FALSE
	EndGlobalSection
	GlobalSection(ExtensibilityGlobals) = postSolution
		SolutionGuid = {331020AC-2F07-4F1F-BC9E-FD81D5BF2E54}
	EndGlobalSection
EndGlobal
